
Microsoft Visual Studio Solution File, Format Version 12.00
# Visual Studio 15
VisualStudioVersion = 15.0.27130.2020
MinimumVisualStudioVersion = 10.0.40219.1
Project("{FAE04EC0-301F-11D3-BF4B-00C04F79EFBC}") = "PrisonerSentenceCalculator", "PrisonerSentenceCalculator\PrisonerSentenceCalculator.csproj", "{1604CE31-A3D5-46DF-A945-2D3E2D65165D}"
EndProject
Global
	GlobalSection(SolutionConfigurationPlatforms) = preSolution
		Debug|Any CPU = Debug|Any CPU
		Release|Any CPU = Release|Any CPU
	EndGlobalSection
	GlobalSection(ProjectConfigurationPlatforms) = postSolution
		{1604CE31-A3D5-46DF-A945-2D3E2D65165D}.Debug|Any CPU.ActiveCfg = Debug|Any CPU
		{1604CE31-A3D5-46DF-A945-2D3E2D65165D}.Debug|Any CPU.Build.0 = Debug|Any CPU
		{1604CE31-A3D5-46DF-A945-2D3E2D65165D}.Release|Any CPU.ActiveCfg = Release|Any CPU
		{1604CE31-A3D5-46DF-A945-2D3E2D65165D}.Release|Any CPU.Build.0 = Release|Any CPU
	EndGlobalSection
	GlobalSection(SolutionProperties) = preSolution
		HideSolutionNode = FALSE
	EndGlobalSection
	GlobalSection(ExtensibilityGlobals) = postSolution
		SolutionGuid = {2AB4C41F-6972-4C4F-B86B-26882DB7D550}
	EndGlobalSection
EndGlobal
